
Microsoft Visual Studio Solution File, Format Version 12.00
# Visual Studio Version 17
VisualStudioVersion = 17.8.35230.98
MinimumVisualStudioVersion = 10.0.40219.1
Project("{FAE04EC0-301F-11D3-BF4B-00C04F79EFBC}") = "TestTextTranslator", "TestTextTranslator\TestTextTranslator.csproj", "{874D971E-29A8-452D-972A-8A910C7F1ABD}"
EndProject
Project("{FAE04EC0-301F-11D3-BF4B-00C04F79EFBC}") = "Models", "Models\Models.csproj", "{553FCB11-3A3C-40D6-B3FD-4CFA9BEAF70F}"
EndProject
Project("{FAE04EC0-301F-11D3-BF4B-00C04F79EFBC}") = "TranslatorConsoleClient", "TranslatorConsoleClient\TranslatorConsoleClient.csproj", "{618FA06F-A9FC-478E-AAD6-B3C2584F5191}"
EndProject
Global
	GlobalSection(SolutionConfigurationPlatforms) = preSolution
		Debug|Any CPU = Debug|Any CPU
		Release|Any CPU = Release|Any CPU
	EndGlobalSection
	GlobalSection(ProjectConfigurationPlatforms) = postSolution
		{874D971E-29A8-452D-972A-8A910C7F1ABD}.Debug|Any CPU.ActiveCfg = Debug|Any CPU
		{874D971E-29A8-452D-972A-8A910C7F1ABD}.Debug|Any CPU.Build.0 = Debug|Any CPU
		{874D971E-29A8-452D-972A-8A910C7F1ABD}.Release|Any CPU.ActiveCfg = Release|Any CPU
		{874D971E-29A8-452D-972A-8A910C7F1ABD}.Release|Any CPU.Build.0 = Release|Any CPU
		{553FCB11-3A3C-40D6-B3FD-4CFA9BEAF70F}.Debug|Any CPU.ActiveCfg = Debug|Any CPU
		{553FCB11-3A3C-40D6-B3FD-4CFA9BEAF70F}.Debug|Any CPU.Build.0 = Debug|Any CPU
		{553FCB11-3A3C-40D6-B3FD-4CFA9BEAF70F}.Release|Any CPU.ActiveCfg = Release|Any CPU
		{553FCB11-3A3C-40D6-B3FD-4CFA9BEAF70F}.Release|Any CPU.Build.0 = Release|Any CPU
		{618FA06F-A9FC-478E-AAD6-B3C2584F5191}.Debug|Any CPU.ActiveCfg = Debug|Any CPU
		{618FA06F-A9FC-478E-AAD6-B3C2584F5191}.Debug|Any CPU.Build.0 = Debug|Any CPU
		{618FA06F-A9FC-478E-AAD6-B3C2584F5191}.Release|Any CPU.ActiveCfg = Release|Any CPU
		{618FA06F-A9FC-478E-AAD6-B3C2584F5191}.Release|Any CPU.Build.0 = Release|Any CPU
	EndGlobalSection
	GlobalSection(SolutionProperties) = preSolution
		HideSolutionNode = FALSE
	EndGlobalSection
	GlobalSection(ExtensibilityGlobals) = postSolution
		SolutionGuid = {AB5D403A-B10C-4C91-88E3-4EC81B8C2673}
	EndGlobalSection
EndGlobal
